
Microsoft Visual Studio Solution File, Format Version 12.00
# Visual Studio Version 16
VisualStudioVersion = 16.0.29102.190
MinimumVisualStudioVersion = 10.0.40219.1
Project("{9A19103F-16F7-4668-BE54-9A1E7A4F7556}") = "Client", "Client\Client.csproj", "{EEA51FA0-C58B-42C9-9961-54B2497F1A76}"
EndProject
Project("{9A19103F-16F7-4668-BE54-9A1E7A4F7556}") = "Server", "Server\Server.csproj", "{9D28851B-DFA0-41AE-9CFA-E11FED66B5B8}"
EndProject
Project("{FAE04EC0-301F-11D3-BF4B-00C04F79EFBC}") = "ClientAsync", "ClientAsync\ClientAsync.csproj", "{F895CCBD-63D3-4FF1-963B-4C1E720396FF}"
EndProject
Project("{FAE04EC0-301F-11D3-BF4B-00C04F79EFBC}") = "ServerAsync", "ServerAsync\ServerAsync.csproj", "{BDD437F4-8834-499A-A51C-C0DBECDD573E}"
EndProject
Project("{FAE04EC0-301F-11D3-BF4B-00C04F79EFBC}") = "ClientView", "ClientView\ClientView.csproj", "{1B08B3C6-BDDB-44B6-8366-1C239AB11242}"
EndProject
Project("{FAE04EC0-301F-11D3-BF4B-00C04F79EFBC}") = "Socket_Cliente", "Socket_Cliente\Socket_Cliente.csproj", "{456736D9-CCCF-457E-A2AF-3BD1642CFB1D}"
EndProject
Project("{FAE04EC0-301F-11D3-BF4B-00C04F79EFBC}") = "Socket_Servidor", "Socket_Servidor\Socket_Servidor.csproj", "{220F1DBF-2280-4457-80F0-7DAEB422BECA}"
EndProject
Project("{2150E333-8FDC-42A3-9474-1A3956D46DE8}") = "Sockets sincronos", "Sockets sincronos", "{A0B0EA2D-6E0F-41C5-B257-A5F1A60ECDE7}"
EndProject
Project("{2150E333-8FDC-42A3-9474-1A3956D46DE8}") = "Sockets assincronos", "Sockets assincronos", "{3AC08B73-D0E5-47D5-B7DC-76F843C9C593}"
EndProject
Project("{2150E333-8FDC-42A3-9474-1A3956D46DE8}") = "Sockets tranferencia arquivos", "Sockets tranferencia arquivos", "{5B71781E-8698-4D7F-83BA-F97BC0EDA7E4}"
EndProject
Global
	GlobalSection(SolutionConfigurationPlatforms) = preSolution
		Debug|Any CPU = Debug|Any CPU
		Release|Any CPU = Release|Any CPU
	EndGlobalSection
	GlobalSection(ProjectConfigurationPlatforms) = postSolution
		{EEA51FA0-C58B-42C9-9961-54B2497F1A76}.Debug|Any CPU.ActiveCfg = Debug|Any CPU
		{EEA51FA0-C58B-42C9-9961-54B2497F1A76}.Debug|Any CPU.Build.0 = Debug|Any CPU
		{EEA51FA0-C58B-42C9-9961-54B2497F1A76}.Release|Any CPU.ActiveCfg = Release|Any CPU
		{EEA51FA0-C58B-42C9-9961-54B2497F1A76}.Release|Any CPU.Build.0 = Release|Any CPU
		{9D28851B-DFA0-41AE-9CFA-E11FED66B5B8}.Debug|Any CPU.ActiveCfg = Debug|Any CPU
		{9D28851B-DFA0-41AE-9CFA-E11FED66B5B8}.Debug|Any CPU.Build.0 = Debug|Any CPU
		{9D28851B-DFA0-41AE-9CFA-E11FED66B5B8}.Release|Any CPU.ActiveCfg = Release|Any CPU
		{9D28851B-DFA0-41AE-9CFA-E11FED66B5B8}.Release|Any CPU.Build.0 = Release|Any CPU
		{F895CCBD-63D3-4FF1-963B-4C1E720396FF}.Debug|Any CPU.ActiveCfg = Debug|Any CPU
		{F895CCBD-63D3-4FF1-963B-4C1E720396FF}.Debug|Any CPU.Build.0 = Debug|Any CPU
		{F895CCBD-63D3-4FF1-963B-4C1E720396FF}.Release|Any CPU.ActiveCfg = Release|Any CPU
		{F895CCBD-63D3-4FF1-963B-4C1E720396FF}.Release|Any CPU.Build.0 = Release|Any CPU
		{BDD437F4-8834-499A-A51C-C0DBECDD573E}.Debug|Any CPU.ActiveCfg = Debug|Any CPU
		{BDD437F4-8834-499A-A51C-C0DBECDD573E}.Debug|Any CPU.Build.0 = Debug|Any CPU
		{BDD437F4-8834-499A-A51C-C0DBECDD573E}.Release|Any CPU.ActiveCfg = Release|Any CPU
		{BDD437F4-8834-499A-A51C-C0DBECDD573E}.Release|Any CPU.Build.0 = Release|Any CPU
		{1B08B3C6-BDDB-44B6-8366-1C239AB11242}.Debug|Any CPU.ActiveCfg = Debug|Any CPU
		{1B08B3C6-BDDB-44B6-8366-1C239AB11242}.Debug|Any CPU.Build.0 = Debug|Any CPU
		{1B08B3C6-BDDB-44B6-8366-1C239AB11242}.Release|Any CPU.ActiveCfg = Release|Any CPU
		{1B08B3C6-BDDB-44B6-8366-1C239AB11242}.Release|Any CPU.Build.0 = Release|Any CPU
		{456736D9-CCCF-457E-A2AF-3BD1642CFB1D}.Debug|Any CPU.ActiveCfg = Debug|Any CPU
		{456736D9-CCCF-457E-A2AF-3BD1642CFB1D}.Debug|Any CPU.Build.0 = Debug|Any CPU
		{456736D9-CCCF-457E-A2AF-3BD1642CFB1D}.Release|Any CPU.ActiveCfg = Release|Any CPU
		{456736D9-CCCF-457E-A2AF-3BD1642CFB1D}.Release|Any CPU.Build.0 = Release|Any CPU
		{220F1DBF-2280-4457-80F0-7DAEB422BECA}.Debug|Any CPU.ActiveCfg = Debug|Any CPU
		{220F1DBF-2280-4457-80F0-7DAEB422BECA}.Debug|Any CPU.Build.0 = Debug|Any CPU
		{220F1DBF-2280-4457-80F0-7DAEB422BECA}.Release|Any CPU.ActiveCfg = Release|Any CPU
		{220F1DBF-2280-4457-80F0-7DAEB422BECA}.Release|Any CPU.Build.0 = Release|Any CPU
	EndGlobalSection
	GlobalSection(SolutionProperties) = preSolution
		HideSolutionNode = FALSE
	EndGlobalSection
	GlobalSection(NestedProjects) = preSolution
		{EEA51FA0-C58B-42C9-9961-54B2497F1A76} = {A0B0EA2D-6E0F-41C5-B257-A5F1A60ECDE7}
		{9D28851B-DFA0-41AE-9CFA-E11FED66B5B8} = {A0B0EA2D-6E0F-41C5-B257-A5F1A60ECDE7}
		{F895CCBD-63D3-4FF1-963B-4C1E720396FF} = {3AC08B73-D0E5-47D5-B7DC-76F843C9C593}
		{BDD437F4-8834-499A-A51C-C0DBECDD573E} = {3AC08B73-D0E5-47D5-B7DC-76F843C9C593}
		{1B08B3C6-BDDB-44B6-8366-1C239AB11242} = {A0B0EA2D-6E0F-41C5-B257-A5F1A60ECDE7}
		{456736D9-CCCF-457E-A2AF-3BD1642CFB1D} = {5B71781E-8698-4D7F-83BA-F97BC0EDA7E4}
		{220F1DBF-2280-4457-80F0-7DAEB422BECA} = {5B71781E-8698-4D7F-83BA-F97BC0EDA7E4}
	EndGlobalSection
	GlobalSection(ExtensibilityGlobals) = postSolution
		SolutionGuid = {99987126-5FA2-4BFF-A6BA-66B57F82CAA4}
	EndGlobalSection
EndGlobal
